{
  "version": 4,
  "terraform_version": "1.5.5",
  "serial": 33,
  "lineage": "e129b275-1be9-b3c9-5240-fcbd30a9abc4",
  "outputs": {
    "azs": {
      "value": [
        "ap-northeast-2a",
        "ap-northeast-2c"
      ],
      "type": [
        "list",
        "string"
      ]
    },
    "cluster_arn": {
      "value": "arn:aws:eks:ap-northeast-2:716744502369:cluster/SAP-terraform-eks",
      "type": "string"
    },
    "cluster_certificate_authority_data": {
      "value": "LS0tLS1CRUdJTiBDRVJUSUZJQ0FURS0tLS0tCk1JSURCVENDQWUyZ0F3SUJBZ0lJR1ZjSmNWTGRSZHd3RFFZSktvWklodmNOQVFFTEJRQXdGVEVUTUJFR0ExVUUKQXhNS2EzVmlaWEp1WlhSbGN6QWVGdzB5TXpBNU1EUXdOak00TkROYUZ3MHpNekE1TURFd05qTTRORE5hTUJVeApFekFSQmdOVkJBTVRDbXQxWW1WeWJtVjBaWE13Z2dFaU1BMEdDU3FHU0liM0RRRUJBUVVBQTRJQkR3QXdnZ0VLCkFvSUJBUUR2bmxUZyt6UEtaQXkxUWMvL2NGSk9ERjdwVzliS3loT3BvRUZZdzI5bDhEN1A5blJpRHZRNU0xQ2MKZVhIYk9yaGtuazEwZXFDRVFVa3lLS2ltUEkzdlI0MTZDSjdTR3NOZVdCRWxER3lSbURDcHZWVitKd0hULzhZVQp2ai9aRmdERHE2SFBGZVA4YkllbGdjRHBpaUFhREdxdnlQUmVWQ2JxWTQ5UEFqbmFZR0Y5Uk53NjFJS1Z3aUh5CmVuU1BHNm5FVlJDdHRRY2ZkVXdYUGwrc1VURjJIM3M0UFR1ZjVjWk1qUnFQYjV6d1hQUGNIektXR1BlSmkxSy8KRExySEVMSDVtNEhrVFhOQk03QkhxVW5NNXFhNGxMUzBkSVJPeFN4OEIxais1a01vbjRGWnNmRmhQV2c1NmE0RAozcTRsNEFXY0RiN1AzdUhRQWd6UGRBTEw0c3pIQWdNQkFBR2pXVEJYTUE0R0ExVWREd0VCL3dRRUF3SUNwREFQCkJnTlZIUk1CQWY4RUJUQURBUUgvTUIwR0ExVWREZ1FXQkJRcW1MMjlTbzFVbmd2aG1kdkhIeFVDZGI0V0dqQVYKQmdOVkhSRUVEakFNZ2dwcmRXSmxjbTVsZEdWek1BMEdDU3FHU0liM0RRRUJDd1VBQTRJQkFRREZKR1RKL0E5WQpXV241bE1IcUxUSnI5WmVrRzdES1MvRHJPOXg4ajBzc0drL3ZrU1p4RTg1R2VKVWs1eHdHQzNXeDcwSmFVWks2CjJCd004bVh0dlNZWXVuWXArTzhnSzN1QTNJejZETFJ0T0hySDJYQzNlRm4zbWNpOWxjT29vNjRwUEtPTlRvaG0KSnM2U2VNTlU4RFhnTjVhRCthWEZuTk1ScXdmeENIeTNGaUlPVyt0ZFNROE9pS1RyYUJPRFJCOGJCQWorb2tidwozeFhrRjV5MGNzcVQ2QmRkNHMxTE8zcEpJRDRPd3J5VVVTcGE3bjlieVZWSnJGcGQ0U3NBMVN1N2NneFE4M1RzCkp0aUlkM0Q4UzJlRXNMZkVKUWRYcGx0SjhpeWNHY1RFTnNhZU1GSTJ4WUpZb2NSeG1QS083RWpJei9ISmdDMFMKQ0N1c3NrNDNra0o1Ci0tLS0tRU5EIENFUlRJRklDQVRFLS0tLS0K",
      "type": "string"
    },
    "cluster_endpoint": {
      "value": "https://897C31B05F17D13614758A102EF614A2.gr7.ap-northeast-2.eks.amazonaws.com",
      "type": "string"
    },
    "cluster_iam_role_arn": {
      "value": "arn:aws:iam::716744502369:role/SAP-eks-master-role",
      "type": "string"
    },
    "cluster_iam_role_name": {
      "value": "SAP-eks-master-role",
      "type": "string"
    },
    "cluster_id": {
      "value": "SAP-terraform-eks",
      "type": "string"
    },
    "cluster_oidc_issuer_url": {
      "value": "https://oidc.eks.ap-northeast-2.amazonaws.com/id/897C31B05F17D13614758A102EF614A2",
      "type": "string"
    },
    "cluster_primary_security_group_id": {
      "value": "sg-03e3e8fcc8e94b71e",
      "type": "string"
    },
    "cluster_version": {
      "value": "1.27",
      "type": "string"
    },
    "nat_public_ips": {
      "value": [
        "3.38.33.116",
        "43.202.141.214"
      ],
      "type": [
        "list",
        "string"
      ]
    },
    "node_group_addon_arn": {
      "value": "arn:aws:eks:ap-northeast-2:716744502369:nodegroup/SAP-terraform-eks/addon/06c52f76-c87c-d8a7-0fe5-a868befeb51c",
      "type": "string"
    },
    "node_group_addon_id": {
      "value": "SAP-terraform-eks:addon",
      "type": "string"
    },
    "node_group_addon_status": {
      "value": "ACTIVE",
      "type": "string"
    },
    "node_group_addon_version": {
      "value": "1.27",
      "type": "string"
    },
    "private_subnets": {
      "value": [
        "subnet-04455309f203d84b3",
        "subnet-0f1e0ae665be6965e"
      ],
      "type": [
        "tuple",
        [
          "string",
          "string"
        ]
      ]
    },
    "public_subnets": {
      "value": [
        "subnet-0092387b558c2d4cd",
        "subnet-0c61bfe8bb8da6e25"
      ],
      "type": [
        "tuple",
        [
          "string",
          "string"
        ]
      ]
    },
    "vpc_cidr_block": {
      "value": "10.10.0.0/16",
      "type": "string"
    },
    "vpc_id": {
      "value": "vpc-00f724c044f30b38d",
      "type": "string"
    }
  },
  "resources": [
    {
      "mode": "data",
      "type": "aws_availability_zones",
      "name": "available",
      "provider": "provider[\"registry.terraform.io/hashicorp/aws\"]",
      "instances": [
        {
          "schema_version": 0,
          "attributes": {
            "all_availability_zones": null,
            "exclude_names": null,
            "exclude_zone_ids": null,
            "filter": null,
            "group_names": [
              "ap-northeast-2"
            ],
            "id": "ap-northeast-2",
            "names": [
              "ap-northeast-2a",
              "ap-northeast-2b",
              "ap-northeast-2c",
              "ap-northeast-2d"
            ],
            "state": null,
            "zone_ids": [
              "apne2-az1",
              "apne2-az2",
              "apne2-az3",
              "apne2-az4"
            ]
          },
          "sensitive_attributes": []
        }
      ]
    },
    {
      "mode": "managed",
      "type": "aws_eks_cluster",
      "name": "eks_cluster",
      "provider": "provider[\"registry.terraform.io/hashicorp/aws\"]",
      "instances": [
        {
          "schema_version": 0,
          "attributes": {
            "arn": "arn:aws:eks:ap-northeast-2:716744502369:cluster/SAP-terraform-eks",
            "certificate_authority": [
              {
                "data": "LS0tLS1CRUdJTiBDRVJUSUZJQ0FURS0tLS0tCk1JSURCVENDQWUyZ0F3SUJBZ0lJR1ZjSmNWTGRSZHd3RFFZSktvWklodmNOQVFFTEJRQXdGVEVUTUJFR0ExVUUKQXhNS2EzVmlaWEp1WlhSbGN6QWVGdzB5TXpBNU1EUXdOak00TkROYUZ3MHpNekE1TURFd05qTTRORE5hTUJVeApFekFSQmdOVkJBTVRDbXQxWW1WeWJtVjBaWE13Z2dFaU1BMEdDU3FHU0liM0RRRUJBUVVBQTRJQkR3QXdnZ0VLCkFvSUJBUUR2bmxUZyt6UEtaQXkxUWMvL2NGSk9ERjdwVzliS3loT3BvRUZZdzI5bDhEN1A5blJpRHZRNU0xQ2MKZVhIYk9yaGtuazEwZXFDRVFVa3lLS2ltUEkzdlI0MTZDSjdTR3NOZVdCRWxER3lSbURDcHZWVitKd0hULzhZVQp2ai9aRmdERHE2SFBGZVA4YkllbGdjRHBpaUFhREdxdnlQUmVWQ2JxWTQ5UEFqbmFZR0Y5Uk53NjFJS1Z3aUh5CmVuU1BHNm5FVlJDdHRRY2ZkVXdYUGwrc1VURjJIM3M0UFR1ZjVjWk1qUnFQYjV6d1hQUGNIektXR1BlSmkxSy8KRExySEVMSDVtNEhrVFhOQk03QkhxVW5NNXFhNGxMUzBkSVJPeFN4OEIxais1a01vbjRGWnNmRmhQV2c1NmE0RAozcTRsNEFXY0RiN1AzdUhRQWd6UGRBTEw0c3pIQWdNQkFBR2pXVEJYTUE0R0ExVWREd0VCL3dRRUF3SUNwREFQCkJnTlZIUk1CQWY4RUJUQURBUUgvTUIwR0ExVWREZ1FXQkJRcW1MMjlTbzFVbmd2aG1kdkhIeFVDZGI0V0dqQVYKQmdOVkhSRUVEakFNZ2dwcmRXSmxjbTVsZEdWek1BMEdDU3FHU0liM0RRRUJDd1VBQTRJQkFRREZKR1RKL0E5WQpXV241bE1IcUxUSnI5WmVrRzdES1MvRHJPOXg4ajBzc0drL3ZrU1p4RTg1R2VKVWs1eHdHQzNXeDcwSmFVWks2CjJCd004bVh0dlNZWXVuWXArTzhnSzN1QTNJejZETFJ0T0hySDJYQzNlRm4zbWNpOWxjT29vNjRwUEtPTlRvaG0KSnM2U2VNTlU4RFhnTjVhRCthWEZuTk1ScXdmeENIeTNGaUlPVyt0ZFNROE9pS1RyYUJPRFJCOGJCQWorb2tidwozeFhrRjV5MGNzcVQ2QmRkNHMxTE8zcEpJRDRPd3J5VVVTcGE3bjlieVZWSnJGcGQ0U3NBMVN1N2NneFE4M1RzCkp0aUlkM0Q4UzJlRXNMZkVKUWRYcGx0SjhpeWNHY1RFTnNhZU1GSTJ4WUpZb2NSeG1QS083RWpJei9ISmdDMFMKQ0N1c3NrNDNra0o1Ci0tLS0tRU5EIENFUlRJRklDQVRFLS0tLS0K"
              }
            ],
            "created_at": "2023-09-04 06:34:40.693 +0000 UTC",
            "enabled_cluster_log_types": [
              "api",
              "audit",
              "authenticator",
              "controllerManager",
              "scheduler"
            ],
            "encryption_config": [],
            "endpoint": "https://897C31B05F17D13614758A102EF614A2.gr7.ap-northeast-2.eks.amazonaws.com",
            "id": "SAP-terraform-eks",
            "identity": [
              {
                "oidc": [
                  {
                    "issuer": "https://oidc.eks.ap-northeast-2.amazonaws.com/id/897C31B05F17D13614758A102EF614A2"
                  }
                ]
              }
            ],
            "kubernetes_network_config": [
              {
                "ip_family": "ipv4",
                "service_ipv4_cidr": "172.20.0.0/16"
              }
            ],
            "name": "SAP-terraform-eks",
            "platform_version": "eks.5",
            "role_arn": "arn:aws:iam::716744502369:role/SAP-eks-master-role",
            "status": "ACTIVE",
            "tags": null,
            "tags_all": {},
            "timeouts": null,
            "version": "1.27",
            "vpc_config": [
              {
                "cluster_security_group_id": "sg-03e3e8fcc8e94b71e",
                "endpoint_private_access": true,
                "endpoint_public_access": true,
                "public_access_cidrs": [
                  "0.0.0.0/0"
                ],
                "security_group_ids": [
                  "sg-0d89b8127b4f9e5ee"
                ],
                "subnet_ids": [
                  "subnet-04455309f203d84b3",
                  "subnet-0f1e0ae665be6965e"
                ],
                "vpc_id": "vpc-00f724c044f30b38d"
              }
            ]
          },
          "sensitive_attributes": [],
          "private": "eyJlMmJmYjczMC1lY2FhLTExZTYtOGY4OC0zNDM2M2JjN2M0YzAiOnsiY3JlYXRlIjoxODAwMDAwMDAwMDAwLCJkZWxldGUiOjkwMDAwMDAwMDAwMCwidXBkYXRlIjozNjAwMDAwMDAwMDAwfX0=",
          "dependencies": [
            "aws_iam_role.eks_master_role",
            "aws_iam_role_policy_attachment.eks-AmazonEKSClusterPolicy",
            "aws_iam_role_policy_attachment.eks-AmazonEKSVPCResourceController",
            "data.aws_availability_zones.available",
            "module.eks_sg.aws_security_group.this",
            "module.eks_sg.aws_security_group.this_name_prefix",
            "module.vpc.aws_subnet.private",
            "module.vpc.aws_vpc.this",
            "module.vpc.aws_vpc_ipv4_cidr_block_association.this"
          ]
        }
      ]
    },
    {
      "mode": "managed",
      "type": "aws_eks_node_group",
      "name": "eks_ng_addon",
      "provider": "provider[\"registry.terraform.io/hashicorp/aws\"]",
      "instances": [
        {
          "schema_version": 0,
          "attributes": {
            "ami_type": "AL2_x86_64",
            "arn": "arn:aws:eks:ap-northeast-2:716744502369:nodegroup/SAP-terraform-eks/addon/06c52f76-c87c-d8a7-0fe5-a868befeb51c",
            "capacity_type": "ON_DEMAND",
            "cluster_name": "SAP-terraform-eks",
            "disk_size": 10,
            "force_update_version": null,
            "id": "SAP-terraform-eks:addon",
            "instance_types": [
              "t2.micro"
            ],
            "labels": {
              "nodegroup-type": "addon"
            },
            "launch_template": [],
            "node_group_name": "addon",
            "node_group_name_prefix": "",
            "node_role_arn": "arn:aws:iam::716744502369:role/SAP-eks-nodegroup-role",
            "release_version": "1.27.4-20230825",
            "remote_access": [],
            "resources": [
              {
                "autoscaling_groups": [
                  {
                    "name": "eks-addon-06c52f76-c87c-d8a7-0fe5-a868befeb51c"
                  }
                ],
                "remote_access_security_group_id": ""
              }
            ],
            "scaling_config": [
              {
                "desired_size": 1,
                "max_size": 2,
                "min_size": 1
              }
            ],
            "status": "ACTIVE",
            "subnet_ids": [
              "subnet-04455309f203d84b3",
              "subnet-0f1e0ae665be6965e"
            ],
            "tags": {
              "Name": "Private-Node-Group"
            },
            "tags_all": {
              "Name": "Private-Node-Group"
            },
            "taint": [],
            "timeouts": null,
            "update_config": [
              {
                "max_unavailable": 1,
                "max_unavailable_percentage": 0
              }
            ],
            "version": "1.27"
          },
          "sensitive_attributes": [],
          "private": "eyJlMmJmYjczMC1lY2FhLTExZTYtOGY4OC0zNDM2M2JjN2M0YzAiOnsiY3JlYXRlIjozNjAwMDAwMDAwMDAwLCJkZWxldGUiOjM2MDAwMDAwMDAwMDAsInVwZGF0ZSI6MzYwMDAwMDAwMDAwMH19",
          "dependencies": [
            "aws_eks_cluster.eks_cluster",
            "aws_iam_role.eks_master_role",
            "aws_iam_role.eks_nodegroup_role",
            "aws_iam_role_policy_attachment.eks-AmazonEC2ContainerRegistryReadOnly",
            "aws_iam_role_policy_attachment.eks-AmazonEKSClusterPolicy",
            "aws_iam_role_policy_attachment.eks-AmazonEKSVPCResourceController",
            "aws_iam_role_policy_attachment.eks-AmazonEKSWorkerNodePolicy",
            "aws_iam_role_policy_attachment.eks-AmazonEKS_CNI_Policy",
            "data.aws_availability_zones.available",
            "module.eks_sg.aws_security_group.this",
            "module.eks_sg.aws_security_group.this_name_prefix",
            "module.vpc.aws_subnet.private",
            "module.vpc.aws_vpc.this",
            "module.vpc.aws_vpc_ipv4_cidr_block_association.this"
          ]
        }
      ]
    },
    {
      "mode": "managed",
      "type": "aws_iam_role",
      "name": "eks_master_role",
      "provider": "provider[\"registry.terraform.io/hashicorp/aws\"]",
      "instances": [
        {
          "schema_version": 0,
          "attributes": {
            "arn": "arn:aws:iam::716744502369:role/SAP-eks-master-role",
            "assume_role_policy": "{\"Version\":\"2012-10-17\",\"Statement\":[{\"Effect\":\"Allow\",\"Principal\":{\"Service\":\"eks.amazonaws.com\"},\"Action\":\"sts:AssumeRole\"}]}",
            "create_date": "2023-09-04T06:34:26Z",
            "description": "",
            "force_detach_policies": false,
            "id": "SAP-eks-master-role",
            "inline_policy": [
              {
                "name": "",
                "policy": ""
              }
            ],
            "managed_policy_arns": [],
            "max_session_duration": 3600,
            "name": "SAP-eks-master-role",
            "name_prefix": "",
            "path": "/",
            "permissions_boundary": null,
            "tags": null,
            "tags_all": {},
            "unique_id": "AROA2NYKNFRQ4ORWCSRVF"
          },
          "sensitive_attributes": [],
          "private": "bnVsbA=="
        }
      ]
    },
    {
      "mode": "managed",
      "type": "aws_iam_role",
      "name": "eks_nodegroup_role",
      "provider": "provider[\"registry.terraform.io/hashicorp/aws\"]",
      "instances": [
        {
          "schema_version": 0,
          "attributes": {
            "arn": "arn:aws:iam::716744502369:role/SAP-eks-nodegroup-role",
            "assume_role_policy": "{\"Version\":\"2012-10-17\",\"Statement\":[{\"Effect\":\"Allow\",\"Principal\":{\"Service\":\"ec2.amazonaws.com\"},\"Action\":\"sts:AssumeRole\"}]}",
            "create_date": "2023-09-04T06:34:26Z",
            "description": "",
            "force_detach_policies": false,
            "id": "SAP-eks-nodegroup-role",
            "inline_policy": [
              {
                "name": "",
                "policy": ""
              }
            ],
            "managed_policy_arns": [],
            "max_session_duration": 3600,
            "name": "SAP-eks-nodegroup-role",
            "name_prefix": "",
            "path": "/",
            "permissions_boundary": null,
            "tags": null,
            "tags_all": {},
            "unique_id": "AROA2NYKNFRQT36MTPPRB"
          },
          "sensitive_attributes": [],
          "private": "bnVsbA=="
        }
      ]
    },
    {
      "mode": "managed",
      "type": "aws_iam_role_policy_attachment",
      "name": "eks-AmazonEC2ContainerRegistryReadOnly",
      "provider": "provider[\"registry.terraform.io/hashicorp/aws\"]",
      "instances": [
        {
          "schema_version": 0,
          "attributes": {
            "id": "SAP-eks-nodegroup-role-20230904063419914100000004",
            "policy_arn": "arn:aws:iam::aws:policy/AmazonEC2ContainerRegistryReadOnly",
            "role": "SAP-eks-nodegroup-role"
          },
          "sensitive_attributes": [],
          "private": "bnVsbA==",
          "dependencies": [
            "aws_iam_role.eks_nodegroup_role"
          ]
        }
      ]
    },
    {
      "mode": "managed",
      "type": "aws_iam_role_policy_attachment",
      "name": "eks-AmazonEKSClusterPolicy",
      "provider": "provider[\"registry.terraform.io/hashicorp/aws\"]",
      "instances": [
        {
          "schema_version": 0,
          "attributes": {
            "id": "SAP-eks-master-role-20230904063419915500000005",
            "policy_arn": "arn:aws:iam::aws:policy/AmazonEKSClusterPolicy",
            "role": "SAP-eks-master-role"
          },
          "sensitive_attributes": [],
          "private": "bnVsbA==",
          "dependencies": [
            "aws_iam_role.eks_master_role"
          ]
        }
      ]
    },
    {
      "mode": "managed",
      "type": "aws_iam_role_policy_attachment",
      "name": "eks-AmazonEKSVPCResourceController",
      "provider": "provider[\"registry.terraform.io/hashicorp/aws\"]",
      "instances": [
        {
          "schema_version": 0,
          "attributes": {
            "id": "SAP-eks-master-role-20230904063419906100000003",
            "policy_arn": "arn:aws:iam::aws:policy/AmazonEKSVPCResourceController",
            "role": "SAP-eks-master-role"
          },
          "sensitive_attributes": [],
          "private": "bnVsbA==",
          "dependencies": [
            "aws_iam_role.eks_master_role"
          ]
        }
      ]
    },
    {
      "mode": "managed",
      "type": "aws_iam_role_policy_attachment",
      "name": "eks-AmazonEKSWorkerNodePolicy",
      "provider": "provider[\"registry.terraform.io/hashicorp/aws\"]",
      "instances": [
        {
          "schema_version": 0,
          "attributes": {
            "id": "SAP-eks-nodegroup-role-20230904063419778300000001",
            "policy_arn": "arn:aws:iam::aws:policy/AmazonEKSWorkerNodePolicy",
            "role": "SAP-eks-nodegroup-role"
          },
          "sensitive_attributes": [],
          "private": "bnVsbA==",
          "dependencies": [
            "aws_iam_role.eks_nodegroup_role"
          ]
        }
      ]
    },
    {
      "mode": "managed",
      "type": "aws_iam_role_policy_attachment",
      "name": "eks-AmazonEKS_CNI_Policy",
      "provider": "provider[\"registry.terraform.io/hashicorp/aws\"]",
      "instances": [
        {
          "schema_version": 0,
          "attributes": {
            "id": "SAP-eks-nodegroup-role-20230904063419895100000002",
            "policy_arn": "arn:aws:iam::aws:policy/AmazonEKS_CNI_Policy",
            "role": "SAP-eks-nodegroup-role"
          },
          "sensitive_attributes": [],
          "private": "bnVsbA==",
          "dependencies": [
            "aws_iam_role.eks_nodegroup_role"
          ]
        }
      ]
    },
    {
      "module": "module.eks_sg",
      "mode": "managed",
      "type": "aws_security_group",
      "name": "this_name_prefix",
      "provider": "provider[\"registry.terraform.io/hashicorp/aws\"]",
      "instances": [
        {
          "index_key": 0,
          "schema_version": 1,
          "attributes": {
            "arn": "arn:aws:ec2:ap-northeast-2:716744502369:security-group/sg-0d89b8127b4f9e5ee",
            "description": "Security Group with all port open for everybody (IPv4 CIDR), egress ports are all port open",
            "egress": [],
            "id": "sg-0d89b8127b4f9e5ee",
            "ingress": [],
            "name": "eks-cluster-sg-20230904063426619800000006",
            "name_prefix": "eks-cluster-sg-",
            "owner_id": "716744502369",
            "revoke_rules_on_delete": false,
            "tags": {
              "Name": "eks-cluster-sg",
              "environment": "dev",
              "owners": "SAP"
            },
            "tags_all": {
              "Name": "eks-cluster-sg",
              "environment": "dev",
              "owners": "SAP"
            },
            "timeouts": {
              "create": "10m",
              "delete": "15m"
            },
            "vpc_id": "vpc-00f724c044f30b38d"
          },
          "sensitive_attributes": [],
          "private": "eyJlMmJmYjczMC1lY2FhLTExZTYtOGY4OC0zNDM2M2JjN2M0YzAiOnsiY3JlYXRlIjo2MDAwMDAwMDAwMDAsImRlbGV0ZSI6OTAwMDAwMDAwMDAwfSwic2NoZW1hX3ZlcnNpb24iOiIxIn0=",
          "dependencies": [
            "module.vpc.aws_vpc.this"
          ],
          "create_before_destroy": true
        }
      ]
    },
    {
      "module": "module.eks_sg",
      "mode": "managed",
      "type": "aws_security_group_rule",
      "name": "egress_rules",
      "provider": "provider[\"registry.terraform.io/hashicorp/aws\"]",
      "instances": [
        {
          "index_key": 0,
          "schema_version": 2,
          "attributes": {
            "cidr_blocks": [
              "0.0.0.0/0"
            ],
            "description": "All protocols",
            "from_port": -1,
            "id": "sgrule-780212506",
            "ipv6_cidr_blocks": [
              "::/0"
            ],
            "prefix_list_ids": [],
            "protocol": "-1",
            "security_group_id": "sg-0d89b8127b4f9e5ee",
            "self": false,
            "source_security_group_id": null,
            "to_port": -1,
            "type": "egress"
          },
          "sensitive_attributes": [],
          "private": "eyJzY2hlbWFfdmVyc2lvbiI6IjIifQ==",
          "dependencies": [
            "module.eks_sg.aws_security_group.this",
            "module.eks_sg.aws_security_group.this_name_prefix",
            "module.vpc.aws_vpc.this"
          ]
        }
      ]
    },
    {
      "module": "module.eks_sg",
      "mode": "managed",
      "type": "aws_security_group_rule",
      "name": "ingress_rules",
      "provider": "provider[\"registry.terraform.io/hashicorp/aws\"]",
      "instances": [
        {
          "index_key": 0,
          "schema_version": 2,
          "attributes": {
            "cidr_blocks": [
              "0.0.0.0/0"
            ],
            "description": "All protocols",
            "from_port": -1,
            "id": "sgrule-2060027141",
            "ipv6_cidr_blocks": [],
            "prefix_list_ids": [],
            "protocol": "-1",
            "security_group_id": "sg-0d89b8127b4f9e5ee",
            "self": false,
            "source_security_group_id": null,
            "to_port": -1,
            "type": "ingress"
          },
          "sensitive_attributes": [],
          "private": "eyJzY2hlbWFfdmVyc2lvbiI6IjIifQ==",
          "dependencies": [
            "module.eks_sg.aws_security_group.this",
            "module.eks_sg.aws_security_group.this_name_prefix",
            "module.vpc.aws_vpc.this"
          ]
        }
      ]
    },
    {
      "module": "module.vpc",
      "mode": "managed",
      "type": "aws_eip",
      "name": "nat",
      "provider": "provider[\"registry.terraform.io/hashicorp/aws\"]",
      "instances": [
        {
          "index_key": 0,
          "schema_version": 0,
          "attributes": {
            "address": null,
            "allocation_id": "eipalloc-05fc52700b6cedb79",
            "associate_with_private_ip": null,
            "association_id": "",
            "carrier_ip": "",
            "customer_owned_ip": "",
            "customer_owned_ipv4_pool": "",
            "domain": "vpc",
            "id": "eipalloc-05fc52700b6cedb79",
            "instance": "",
            "network_border_group": "ap-northeast-2",
            "network_interface": "",
            "private_dns": null,
            "private_ip": "",
            "public_dns": "ec2-3-38-33-116.ap-northeast-2.compute.amazonaws.com",
            "public_ip": "3.38.33.116",
            "public_ipv4_pool": "amazon",
            "tags": {
              "Name": "SAP-terraform-eks-ap-northeast-2a",
              "environment": "dev",
              "owners": "SAP"
            },
            "tags_all": {
              "Name": "SAP-terraform-eks-ap-northeast-2a",
              "environment": "dev",
              "owners": "SAP"
            },
            "timeouts": null,
            "vpc": true
          },
          "sensitive_attributes": [],
          "private": "eyJlMmJmYjczMC1lY2FhLTExZTYtOGY4OC0zNDM2M2JjN2M0YzAiOnsiZGVsZXRlIjoxODAwMDAwMDAwMDAsInJlYWQiOjkwMDAwMDAwMDAwMCwidXBkYXRlIjozMDAwMDAwMDAwMDB9fQ==",
          "dependencies": [
            "data.aws_availability_zones.available"
          ]
        },
        {
          "index_key": 1,
          "schema_version": 0,
          "attributes": {
            "address": null,
            "allocation_id": "eipalloc-0e29ec0b39b554205",
            "associate_with_private_ip": null,
            "association_id": "",
            "carrier_ip": "",
            "customer_owned_ip": "",
            "customer_owned_ipv4_pool": "",
            "domain": "vpc",
            "id": "eipalloc-0e29ec0b39b554205",
            "instance": "",
            "network_border_group": "ap-northeast-2",
            "network_interface": "",
            "private_dns": null,
            "private_ip": "",
            "public_dns": "ec2-43-202-141-214.ap-northeast-2.compute.amazonaws.com",
            "public_ip": "43.202.141.214",
            "public_ipv4_pool": "amazon",
            "tags": {
              "Name": "SAP-terraform-eks-ap-northeast-2c",
              "environment": "dev",
              "owners": "SAP"
            },
            "tags_all": {
              "Name": "SAP-terraform-eks-ap-northeast-2c",
              "environment": "dev",
              "owners": "SAP"
            },
            "timeouts": null,
            "vpc": true
          },
          "sensitive_attributes": [],
          "private": "eyJlMmJmYjczMC1lY2FhLTExZTYtOGY4OC0zNDM2M2JjN2M0YzAiOnsiZGVsZXRlIjoxODAwMDAwMDAwMDAsInJlYWQiOjkwMDAwMDAwMDAwMCwidXBkYXRlIjozMDAwMDAwMDAwMDB9fQ==",
          "dependencies": [
            "data.aws_availability_zones.available"
          ]
        }
      ]
    },
    {
      "module": "module.vpc",
      "mode": "managed",
      "type": "aws_internet_gateway",
      "name": "this",
      "provider": "provider[\"registry.terraform.io/hashicorp/aws\"]",
      "instances": [
        {
          "index_key": 0,
          "schema_version": 0,
          "attributes": {
            "arn": "arn:aws:ec2:ap-northeast-2:716744502369:internet-gateway/igw-0952932d4a30d0ba9",
            "id": "igw-0952932d4a30d0ba9",
            "owner_id": "716744502369",
            "tags": {
              "Name": "SAP-terraform-eks",
              "environment": "dev",
              "owners": "SAP"
            },
            "tags_all": {
              "Name": "SAP-terraform-eks",
              "environment": "dev",
              "owners": "SAP"
            },
            "vpc_id": "vpc-00f724c044f30b38d"
          },
          "sensitive_attributes": [],
          "private": "bnVsbA==",
          "dependencies": [
            "module.vpc.aws_vpc.this",
            "module.vpc.aws_vpc_ipv4_cidr_block_association.this"
          ]
        }
      ]
    },
    {
      "module": "module.vpc",
      "mode": "managed",
      "type": "aws_nat_gateway",
      "name": "this",
      "provider": "provider[\"registry.terraform.io/hashicorp/aws\"]",
      "instances": [
        {
          "index_key": 0,
          "schema_version": 0,
          "attributes": {
            "allocation_id": "eipalloc-05fc52700b6cedb79",
            "connectivity_type": "public",
            "id": "nat-0b6839f311850589a",
            "network_interface_id": "eni-072f34efc6a90df19",
            "private_ip": "10.10.101.179",
            "public_ip": "3.38.33.116",
            "subnet_id": "subnet-0092387b558c2d4cd",
            "tags": {
              "Name": "SAP-terraform-eks-ap-northeast-2a",
              "environment": "dev",
              "owners": "SAP"
            },
            "tags_all": {
              "Name": "SAP-terraform-eks-ap-northeast-2a",
              "environment": "dev",
              "owners": "SAP"
            }
          },
          "sensitive_attributes": [],
          "private": "bnVsbA==",
          "dependencies": [
            "data.aws_availability_zones.available",
            "module.vpc.aws_eip.nat",
            "module.vpc.aws_internet_gateway.this",
            "module.vpc.aws_subnet.public",
            "module.vpc.aws_vpc.this",
            "module.vpc.aws_vpc_ipv4_cidr_block_association.this"
          ]
        },
        {
          "index_key": 1,
          "schema_version": 0,
          "attributes": {
            "allocation_id": "eipalloc-0e29ec0b39b554205",
            "connectivity_type": "public",
            "id": "nat-02812240c4d98a070",
            "network_interface_id": "eni-0524e8219b2c8b7fa",
            "private_ip": "10.10.102.201",
            "public_ip": "43.202.141.214",
            "subnet_id": "subnet-0c61bfe8bb8da6e25",
            "tags": {
              "Name": "SAP-terraform-eks-ap-northeast-2c",
              "environment": "dev",
              "owners": "SAP"
            },
            "tags_all": {
              "Name": "SAP-terraform-eks-ap-northeast-2c",
              "environment": "dev",
              "owners": "SAP"
            }
          },
          "sensitive_attributes": [],
          "private": "bnVsbA==",
          "dependencies": [
            "data.aws_availability_zones.available",
            "module.vpc.aws_eip.nat",
            "module.vpc.aws_internet_gateway.this",
            "module.vpc.aws_subnet.public",
            "module.vpc.aws_vpc.this",
            "module.vpc.aws_vpc_ipv4_cidr_block_association.this"
          ]
        }
      ]
    },
    {
      "module": "module.vpc",
      "mode": "managed",
      "type": "aws_route",
      "name": "private_nat_gateway",
      "provider": "provider[\"registry.terraform.io/hashicorp/aws\"]",
      "instances": [
        {
          "index_key": 0,
          "schema_version": 0,
          "attributes": {
            "carrier_gateway_id": "",
            "destination_cidr_block": "0.0.0.0/0",
            "destination_ipv6_cidr_block": "",
            "destination_prefix_list_id": "",
            "egress_only_gateway_id": "",
            "gateway_id": "",
            "id": "r-rtb-0e1546c363511b4f11080289494",
            "instance_id": "",
            "instance_owner_id": "",
            "local_gateway_id": "",
            "nat_gateway_id": "nat-0b6839f311850589a",
            "network_interface_id": "",
            "origin": "CreateRoute",
            "route_table_id": "rtb-0e1546c363511b4f1",
            "state": "active",
            "timeouts": {
              "create": "5m",
              "delete": null,
              "update": null
            },
            "transit_gateway_id": "",
            "vpc_endpoint_id": "",
            "vpc_peering_connection_id": ""
          },
          "sensitive_attributes": [],
          "private": "eyJlMmJmYjczMC1lY2FhLTExZTYtOGY4OC0zNDM2M2JjN2M0YzAiOnsiY3JlYXRlIjozMDAwMDAwMDAwMDAsImRlbGV0ZSI6MzAwMDAwMDAwMDAwLCJ1cGRhdGUiOjEyMDAwMDAwMDAwMH19",
          "dependencies": [
            "data.aws_availability_zones.available",
            "module.vpc.aws_eip.nat",
            "module.vpc.aws_internet_gateway.this",
            "module.vpc.aws_nat_gateway.this",
            "module.vpc.aws_route_table.private",
            "module.vpc.aws_subnet.public",
            "module.vpc.aws_vpc.this",
            "module.vpc.aws_vpc_ipv4_cidr_block_association.this"
          ]
        },
        {
          "index_key": 1,
          "schema_version": 0,
          "attributes": {
            "carrier_gateway_id": "",
            "destination_cidr_block": "0.0.0.0/0",
            "destination_ipv6_cidr_block": "",
            "destination_prefix_list_id": "",
            "egress_only_gateway_id": "",
            "gateway_id": "",
            "id": "r-rtb-05c26066699b32ce11080289494",
            "instance_id": "",
            "instance_owner_id": "",
            "local_gateway_id": "",
            "nat_gateway_id": "nat-02812240c4d98a070",
            "network_interface_id": "",
            "origin": "CreateRoute",
            "route_table_id": "rtb-05c26066699b32ce1",
            "state": "active",
            "timeouts": {
              "create": "5m",
              "delete": null,
              "update": null
            },
            "transit_gateway_id": "",
            "vpc_endpoint_id": "",
            "vpc_peering_connection_id": ""
          },
          "sensitive_attributes": [],
          "private": "eyJlMmJmYjczMC1lY2FhLTExZTYtOGY4OC0zNDM2M2JjN2M0YzAiOnsiY3JlYXRlIjozMDAwMDAwMDAwMDAsImRlbGV0ZSI6MzAwMDAwMDAwMDAwLCJ1cGRhdGUiOjEyMDAwMDAwMDAwMH19",
          "dependencies": [
            "data.aws_availability_zones.available",
            "module.vpc.aws_eip.nat",
            "module.vpc.aws_internet_gateway.this",
            "module.vpc.aws_nat_gateway.this",
            "module.vpc.aws_route_table.private",
            "module.vpc.aws_subnet.public",
            "module.vpc.aws_vpc.this",
            "module.vpc.aws_vpc_ipv4_cidr_block_association.this"
          ]
        }
      ]
    },
    {
      "module": "module.vpc",
      "mode": "managed",
      "type": "aws_route",
      "name": "public_internet_gateway",
      "provider": "provider[\"registry.terraform.io/hashicorp/aws\"]",
      "instances": [
        {
          "index_key": 0,
          "schema_version": 0,
          "attributes": {
            "carrier_gateway_id": "",
            "destination_cidr_block": "0.0.0.0/0",
            "destination_ipv6_cidr_block": "",
            "destination_prefix_list_id": "",
            "egress_only_gateway_id": "",
            "gateway_id": "igw-0952932d4a30d0ba9",
            "id": "r-rtb-0bd7c19061a91246a1080289494",
            "instance_id": "",
            "instance_owner_id": "",
            "local_gateway_id": "",
            "nat_gateway_id": "",
            "network_interface_id": "",
            "origin": "CreateRoute",
            "route_table_id": "rtb-0bd7c19061a91246a",
            "state": "active",
            "timeouts": {
              "create": "5m",
              "delete": null,
              "update": null
            },
            "transit_gateway_id": "",
            "vpc_endpoint_id": "",
            "vpc_peering_connection_id": ""
          },
          "sensitive_attributes": [],
          "private": "eyJlMmJmYjczMC1lY2FhLTExZTYtOGY4OC0zNDM2M2JjN2M0YzAiOnsiY3JlYXRlIjozMDAwMDAwMDAwMDAsImRlbGV0ZSI6MzAwMDAwMDAwMDAwLCJ1cGRhdGUiOjEyMDAwMDAwMDAwMH19",
          "dependencies": [
            "module.vpc.aws_internet_gateway.this",
            "module.vpc.aws_route_table.public",
            "module.vpc.aws_vpc.this",
            "module.vpc.aws_vpc_ipv4_cidr_block_association.this"
          ]
        }
      ]
    },
    {
      "module": "module.vpc",
      "mode": "managed",
      "type": "aws_route_table",
      "name": "private",
      "provider": "provider[\"registry.terraform.io/hashicorp/aws\"]",
      "instances": [
        {
          "index_key": 0,
          "schema_version": 0,
          "attributes": {
            "arn": "arn:aws:ec2:ap-northeast-2:716744502369:route-table/rtb-0e1546c363511b4f1",
            "id": "rtb-0e1546c363511b4f1",
            "owner_id": "716744502369",
            "propagating_vgws": [],
            "route": [],
            "tags": {
              "Name": "SAP-terraform-eks-private-ap-northeast-2a",
              "environment": "dev",
              "owners": "SAP"
            },
            "tags_all": {
              "Name": "SAP-terraform-eks-private-ap-northeast-2a",
              "environment": "dev",
              "owners": "SAP"
            },
            "timeouts": null,
            "vpc_id": "vpc-00f724c044f30b38d"
          },
          "sensitive_attributes": [],
          "private": "eyJlMmJmYjczMC1lY2FhLTExZTYtOGY4OC0zNDM2M2JjN2M0YzAiOnsiY3JlYXRlIjozMDAwMDAwMDAwMDAsImRlbGV0ZSI6MzAwMDAwMDAwMDAwLCJ1cGRhdGUiOjEyMDAwMDAwMDAwMH19",
          "dependencies": [
            "data.aws_availability_zones.available",
            "module.vpc.aws_vpc.this",
            "module.vpc.aws_vpc_ipv4_cidr_block_association.this"
          ]
        },
        {
          "index_key": 1,
          "schema_version": 0,
          "attributes": {
            "arn": "arn:aws:ec2:ap-northeast-2:716744502369:route-table/rtb-05c26066699b32ce1",
            "id": "rtb-05c26066699b32ce1",
            "owner_id": "716744502369",
            "propagating_vgws": [],
            "route": [],
            "tags": {
              "Name": "SAP-terraform-eks-private-ap-northeast-2c",
              "environment": "dev",
              "owners": "SAP"
            },
            "tags_all": {
              "Name": "SAP-terraform-eks-private-ap-northeast-2c",
              "environment": "dev",
              "owners": "SAP"
            },
            "timeouts": null,
            "vpc_id": "vpc-00f724c044f30b38d"
          },
          "sensitive_attributes": [],
          "private": "eyJlMmJmYjczMC1lY2FhLTExZTYtOGY4OC0zNDM2M2JjN2M0YzAiOnsiY3JlYXRlIjozMDAwMDAwMDAwMDAsImRlbGV0ZSI6MzAwMDAwMDAwMDAwLCJ1cGRhdGUiOjEyMDAwMDAwMDAwMH19",
          "dependencies": [
            "data.aws_availability_zones.available",
            "module.vpc.aws_vpc.this",
            "module.vpc.aws_vpc_ipv4_cidr_block_association.this"
          ]
        }
      ]
    },
    {
      "module": "module.vpc",
      "mode": "managed",
      "type": "aws_route_table",
      "name": "public",
      "provider": "provider[\"registry.terraform.io/hashicorp/aws\"]",
      "instances": [
        {
          "index_key": 0,
          "schema_version": 0,
          "attributes": {
            "arn": "arn:aws:ec2:ap-northeast-2:716744502369:route-table/rtb-0bd7c19061a91246a",
            "id": "rtb-0bd7c19061a91246a",
            "owner_id": "716744502369",
            "propagating_vgws": [],
            "route": [],
            "tags": {
              "Name": "SAP-terraform-eks-public",
              "environment": "dev",
              "owners": "SAP"
            },
            "tags_all": {
              "Name": "SAP-terraform-eks-public",
              "environment": "dev",
              "owners": "SAP"
            },
            "timeouts": null,
            "vpc_id": "vpc-00f724c044f30b38d"
          },
          "sensitive_attributes": [],
          "private": "eyJlMmJmYjczMC1lY2FhLTExZTYtOGY4OC0zNDM2M2JjN2M0YzAiOnsiY3JlYXRlIjozMDAwMDAwMDAwMDAsImRlbGV0ZSI6MzAwMDAwMDAwMDAwLCJ1cGRhdGUiOjEyMDAwMDAwMDAwMH19",
          "dependencies": [
            "module.vpc.aws_vpc.this",
            "module.vpc.aws_vpc_ipv4_cidr_block_association.this"
          ]
        }
      ]
    },
    {
      "module": "module.vpc",
      "mode": "managed",
      "type": "aws_route_table_association",
      "name": "private",
      "provider": "provider[\"registry.terraform.io/hashicorp/aws\"]",
      "instances": [
        {
          "index_key": 0,
          "schema_version": 0,
          "attributes": {
            "gateway_id": "",
            "id": "rtbassoc-0682e9223df2cb9af",
            "route_table_id": "rtb-0e1546c363511b4f1",
            "subnet_id": "subnet-04455309f203d84b3"
          },
          "sensitive_attributes": [],
          "private": "bnVsbA==",
          "dependencies": [
            "data.aws_availability_zones.available",
            "module.vpc.aws_route_table.private",
            "module.vpc.aws_subnet.private",
            "module.vpc.aws_vpc.this",
            "module.vpc.aws_vpc_ipv4_cidr_block_association.this"
          ]
        },
        {
          "index_key": 1,
          "schema_version": 0,
          "attributes": {
            "gateway_id": "",
            "id": "rtbassoc-0a3fa8f77a066e63c",
            "route_table_id": "rtb-05c26066699b32ce1",
            "subnet_id": "subnet-0f1e0ae665be6965e"
          },
          "sensitive_attributes": [],
          "private": "bnVsbA==",
          "dependencies": [
            "data.aws_availability_zones.available",
            "module.vpc.aws_route_table.private",
            "module.vpc.aws_subnet.private",
            "module.vpc.aws_vpc.this",
            "module.vpc.aws_vpc_ipv4_cidr_block_association.this"
          ]
        }
      ]
    },
    {
      "module": "module.vpc",
      "mode": "managed",
      "type": "aws_route_table_association",
      "name": "public",
      "provider": "provider[\"registry.terraform.io/hashicorp/aws\"]",
      "instances": [
        {
          "index_key": 0,
          "schema_version": 0,
          "attributes": {
            "gateway_id": "",
            "id": "rtbassoc-0d6a3f736a6f44c10",
            "route_table_id": "rtb-0bd7c19061a91246a",
            "subnet_id": "subnet-0092387b558c2d4cd"
          },
          "sensitive_attributes": [],
          "private": "bnVsbA==",
          "dependencies": [
            "data.aws_availability_zones.available",
            "module.vpc.aws_route_table.public",
            "module.vpc.aws_subnet.public",
            "module.vpc.aws_vpc.this",
            "module.vpc.aws_vpc_ipv4_cidr_block_association.this"
          ]
        },
        {
          "index_key": 1,
          "schema_version": 0,
          "attributes": {
            "gateway_id": "",
            "id": "rtbassoc-084224487e27b4062",
            "route_table_id": "rtb-0bd7c19061a91246a",
            "subnet_id": "subnet-0c61bfe8bb8da6e25"
          },
          "sensitive_attributes": [],
          "private": "bnVsbA==",
          "dependencies": [
            "data.aws_availability_zones.available",
            "module.vpc.aws_route_table.public",
            "module.vpc.aws_subnet.public",
            "module.vpc.aws_vpc.this",
            "module.vpc.aws_vpc_ipv4_cidr_block_association.this"
          ]
        }
      ]
    },
    {
      "module": "module.vpc",
      "mode": "managed",
      "type": "aws_subnet",
      "name": "private",
      "provider": "provider[\"registry.terraform.io/hashicorp/aws\"]",
      "instances": [
        {
          "index_key": 0,
          "schema_version": 1,
          "attributes": {
            "arn": "arn:aws:ec2:ap-northeast-2:716744502369:subnet/subnet-04455309f203d84b3",
            "assign_ipv6_address_on_creation": false,
            "availability_zone": "ap-northeast-2a",
            "availability_zone_id": "apne2-az1",
            "cidr_block": "10.10.1.0/24",
            "customer_owned_ipv4_pool": "",
            "enable_dns64": false,
            "enable_resource_name_dns_a_record_on_launch": false,
            "enable_resource_name_dns_aaaa_record_on_launch": false,
            "id": "subnet-04455309f203d84b3",
            "ipv6_cidr_block": "",
            "ipv6_cidr_block_association_id": "",
            "ipv6_native": false,
            "map_customer_owned_ip_on_launch": false,
            "map_public_ip_on_launch": false,
            "outpost_arn": "",
            "owner_id": "716744502369",
            "private_dns_hostname_type_on_launch": "ip-name",
            "tags": {
              "Name": "SAP-terraform-eks-private-ap-northeast-2a",
              "Type": "private-subnets",
              "environment": "dev",
              "kubernetes.io/cluster/SAP-terraform-eks": "shared",
              "kubernetes.io/role/internal-elb": "1",
              "owners": "SAP"
            },
            "tags_all": {
              "Name": "SAP-terraform-eks-private-ap-northeast-2a",
              "Type": "private-subnets",
              "environment": "dev",
              "kubernetes.io/cluster/SAP-terraform-eks": "shared",
              "kubernetes.io/role/internal-elb": "1",
              "owners": "SAP"
            },
            "timeouts": null,
            "vpc_id": "vpc-00f724c044f30b38d"
          },
          "sensitive_attributes": [],
          "private": "eyJlMmJmYjczMC1lY2FhLTExZTYtOGY4OC0zNDM2M2JjN2M0YzAiOnsiY3JlYXRlIjo2MDAwMDAwMDAwMDAsImRlbGV0ZSI6MTIwMDAwMDAwMDAwMH0sInNjaGVtYV92ZXJzaW9uIjoiMSJ9",
          "dependencies": [
            "data.aws_availability_zones.available",
            "module.vpc.aws_vpc.this",
            "module.vpc.aws_vpc_ipv4_cidr_block_association.this"
          ]
        },
        {
          "index_key": 1,
          "schema_version": 1,
          "attributes": {
            "arn": "arn:aws:ec2:ap-northeast-2:716744502369:subnet/subnet-0f1e0ae665be6965e",
            "assign_ipv6_address_on_creation": false,
            "availability_zone": "ap-northeast-2c",
            "availability_zone_id": "apne2-az3",
            "cidr_block": "10.10.2.0/24",
            "customer_owned_ipv4_pool": "",
            "enable_dns64": false,
            "enable_resource_name_dns_a_record_on_launch": false,
            "enable_resource_name_dns_aaaa_record_on_launch": false,
            "id": "subnet-0f1e0ae665be6965e",
            "ipv6_cidr_block": "",
            "ipv6_cidr_block_association_id": "",
            "ipv6_native": false,
            "map_customer_owned_ip_on_launch": false,
            "map_public_ip_on_launch": false,
            "outpost_arn": "",
            "owner_id": "716744502369",
            "private_dns_hostname_type_on_launch": "ip-name",
            "tags": {
              "Name": "SAP-terraform-eks-private-ap-northeast-2c",
              "Type": "private-subnets",
              "environment": "dev",
              "kubernetes.io/cluster/SAP-terraform-eks": "shared",
              "kubernetes.io/role/internal-elb": "1",
              "owners": "SAP"
            },
            "tags_all": {
              "Name": "SAP-terraform-eks-private-ap-northeast-2c",
              "Type": "private-subnets",
              "environment": "dev",
              "kubernetes.io/cluster/SAP-terraform-eks": "shared",
              "kubernetes.io/role/internal-elb": "1",
              "owners": "SAP"
            },
            "timeouts": null,
            "vpc_id": "vpc-00f724c044f30b38d"
          },
          "sensitive_attributes": [],
          "private": "eyJlMmJmYjczMC1lY2FhLTExZTYtOGY4OC0zNDM2M2JjN2M0YzAiOnsiY3JlYXRlIjo2MDAwMDAwMDAwMDAsImRlbGV0ZSI6MTIwMDAwMDAwMDAwMH0sInNjaGVtYV92ZXJzaW9uIjoiMSJ9",
          "dependencies": [
            "data.aws_availability_zones.available",
            "module.vpc.aws_vpc.this",
            "module.vpc.aws_vpc_ipv4_cidr_block_association.this"
          ]
        }
      ]
    },
    {
      "module": "module.vpc",
      "mode": "managed",
      "type": "aws_subnet",
      "name": "public",
      "provider": "provider[\"registry.terraform.io/hashicorp/aws\"]",
      "instances": [
        {
          "index_key": 0,
          "schema_version": 1,
          "attributes": {
            "arn": "arn:aws:ec2:ap-northeast-2:716744502369:subnet/subnet-0092387b558c2d4cd",
            "assign_ipv6_address_on_creation": false,
            "availability_zone": "ap-northeast-2a",
            "availability_zone_id": "apne2-az1",
            "cidr_block": "10.10.101.0/24",
            "customer_owned_ipv4_pool": "",
            "enable_dns64": false,
            "enable_resource_name_dns_a_record_on_launch": false,
            "enable_resource_name_dns_aaaa_record_on_launch": false,
            "id": "subnet-0092387b558c2d4cd",
            "ipv6_cidr_block": "",
            "ipv6_cidr_block_association_id": "",
            "ipv6_native": false,
            "map_customer_owned_ip_on_launch": false,
            "map_public_ip_on_launch": true,
            "outpost_arn": "",
            "owner_id": "716744502369",
            "private_dns_hostname_type_on_launch": "ip-name",
            "tags": {
              "Name": "SAP-terraform-eks-public-ap-northeast-2a",
              "Type": "Public Subnets",
              "environment": "dev",
              "kubernetes.io/cluster/SAP-terraform-eks": "shared",
              "kubernetes.io/role/elb": "1",
              "owners": "SAP"
            },
            "tags_all": {
              "Name": "SAP-terraform-eks-public-ap-northeast-2a",
              "Type": "Public Subnets",
              "environment": "dev",
              "kubernetes.io/cluster/SAP-terraform-eks": "shared",
              "kubernetes.io/role/elb": "1",
              "owners": "SAP"
            },
            "timeouts": null,
            "vpc_id": "vpc-00f724c044f30b38d"
          },
          "sensitive_attributes": [],
          "private": "eyJlMmJmYjczMC1lY2FhLTExZTYtOGY4OC0zNDM2M2JjN2M0YzAiOnsiY3JlYXRlIjo2MDAwMDAwMDAwMDAsImRlbGV0ZSI6MTIwMDAwMDAwMDAwMH0sInNjaGVtYV92ZXJzaW9uIjoiMSJ9",
          "dependencies": [
            "data.aws_availability_zones.available",
            "module.vpc.aws_vpc.this",
            "module.vpc.aws_vpc_ipv4_cidr_block_association.this"
          ]
        },
        {
          "index_key": 1,
          "schema_version": 1,
          "attributes": {
            "arn": "arn:aws:ec2:ap-northeast-2:716744502369:subnet/subnet-0c61bfe8bb8da6e25",
            "assign_ipv6_address_on_creation": false,
            "availability_zone": "ap-northeast-2c",
            "availability_zone_id": "apne2-az3",
            "cidr_block": "10.10.102.0/24",
            "customer_owned_ipv4_pool": "",
            "enable_dns64": false,
            "enable_resource_name_dns_a_record_on_launch": false,
            "enable_resource_name_dns_aaaa_record_on_launch": false,
            "id": "subnet-0c61bfe8bb8da6e25",
            "ipv6_cidr_block": "",
            "ipv6_cidr_block_association_id": "",
            "ipv6_native": false,
            "map_customer_owned_ip_on_launch": false,
            "map_public_ip_on_launch": true,
            "outpost_arn": "",
            "owner_id": "716744502369",
            "private_dns_hostname_type_on_launch": "ip-name",
            "tags": {
              "Name": "SAP-terraform-eks-public-ap-northeast-2c",
              "Type": "Public Subnets",
              "environment": "dev",
              "kubernetes.io/cluster/SAP-terraform-eks": "shared",
              "kubernetes.io/role/elb": "1",
              "owners": "SAP"
            },
            "tags_all": {
              "Name": "SAP-terraform-eks-public-ap-northeast-2c",
              "Type": "Public Subnets",
              "environment": "dev",
              "kubernetes.io/cluster/SAP-terraform-eks": "shared",
              "kubernetes.io/role/elb": "1",
              "owners": "SAP"
            },
            "timeouts": null,
            "vpc_id": "vpc-00f724c044f30b38d"
          },
          "sensitive_attributes": [],
          "private": "eyJlMmJmYjczMC1lY2FhLTExZTYtOGY4OC0zNDM2M2JjN2M0YzAiOnsiY3JlYXRlIjo2MDAwMDAwMDAwMDAsImRlbGV0ZSI6MTIwMDAwMDAwMDAwMH0sInNjaGVtYV92ZXJzaW9uIjoiMSJ9",
          "dependencies": [
            "data.aws_availability_zones.available",
            "module.vpc.aws_vpc.this",
            "module.vpc.aws_vpc_ipv4_cidr_block_association.this"
          ]
        }
      ]
    },
    {
      "module": "module.vpc",
      "mode": "managed",
      "type": "aws_vpc",
      "name": "this",
      "provider": "provider[\"registry.terraform.io/hashicorp/aws\"]",
      "instances": [
        {
          "index_key": 0,
          "schema_version": 1,
          "attributes": {
            "arn": "arn:aws:ec2:ap-northeast-2:716744502369:vpc/vpc-00f724c044f30b38d",
            "assign_generated_ipv6_cidr_block": false,
            "cidr_block": "10.10.0.0/16",
            "default_network_acl_id": "acl-0caee077ef07654b3",
            "default_route_table_id": "rtb-06327e3295cf2e0d1",
            "default_security_group_id": "sg-054cd7ac6f40e093a",
            "dhcp_options_id": "dopt-077f7730d628de6dc",
            "enable_classiclink": false,
            "enable_classiclink_dns_support": false,
            "enable_dns_hostnames": true,
            "enable_dns_support": true,
            "id": "vpc-00f724c044f30b38d",
            "instance_tenancy": "default",
            "ipv4_ipam_pool_id": null,
            "ipv4_netmask_length": null,
            "ipv6_association_id": "",
            "ipv6_cidr_block": "",
            "ipv6_cidr_block_network_border_group": "",
            "ipv6_ipam_pool_id": "",
            "ipv6_netmask_length": 0,
            "main_route_table_id": "rtb-06327e3295cf2e0d1",
            "owner_id": "716744502369",
            "tags": {
              "Name": "SAP-terraform-eks",
              "environment": "dev",
              "owners": "SAP"
            },
            "tags_all": {
              "Name": "SAP-terraform-eks",
              "environment": "dev",
              "owners": "SAP"
            }
          },
          "sensitive_attributes": [],
          "private": "eyJzY2hlbWFfdmVyc2lvbiI6IjEifQ==",
          "create_before_destroy": true
        }
      ]
    }
  ],
  "check_results": null
}
